
Microsoft Visual Studio Solution File, Format Version 12.00
# Visual Studio 2012
Project("{FAE04EC0-301F-11D3-BF4B-00C04F79EFBC}") = "SharpNav", "SharpNav\SharpNav.csproj", "{0E3C6E73-CCE6-4148-B847-36487FFEA225}"
EndProject
Project("{FAE04EC0-301F-11D3-BF4B-00C04F79EFBC}") = "SharpNavTests", "SharpNavTests\SharpNavTests.csproj", "{BB5D7B89-E81E-4815-A349-3752119495C6}"
EndProject
Project("{FAE04EC0-301F-11D3-BF4B-00C04F79EFBC}") = "Examples", "Examples\Examples.csproj", "{BB34F8C4-CE09-44C1-9883-77B4EFBE371F}"
EndProject
Global
	GlobalSection(SolutionConfigurationPlatforms) = preSolution
		Debug|Any CPU = Debug|Any CPU
		Release|Any CPU = Release|Any CPU
	EndGlobalSection
	GlobalSection(ProjectConfigurationPlatforms) = postSolution
		{0E3C6E73-CCE6-4148-B847-36487FFEA225}.Debug|Any CPU.ActiveCfg = Debug|Any CPU
		{0E3C6E73-CCE6-4148-B847-36487FFEA225}.Debug|Any CPU.Build.0 = Debug|Any CPU
		{0E3C6E73-CCE6-4148-B847-36487FFEA225}.Release|Any CPU.ActiveCfg = Release|Any CPU
		{0E3C6E73-CCE6-4148-B847-36487FFEA225}.Release|Any CPU.Build.0 = Release|Any CPU
		{BB5D7B89-E81E-4815-A349-3752119495C6}.Debug|Any CPU.ActiveCfg = Debug|Any CPU
		{BB5D7B89-E81E-4815-A349-3752119495C6}.Debug|Any CPU.Build.0 = Debug|Any CPU
		{BB5D7B89-E81E-4815-A349-3752119495C6}.Release|Any CPU.ActiveCfg = Release|Any CPU
		{BB5D7B89-E81E-4815-A349-3752119495C6}.Release|Any CPU.Build.0 = Release|Any CPU
		{BB34F8C4-CE09-44C1-9883-77B4EFBE371F}.Debug|Any CPU.ActiveCfg = Debug|Any CPU
		{BB34F8C4-CE09-44C1-9883-77B4EFBE371F}.Debug|Any CPU.Build.0 = Debug|Any CPU
		{BB34F8C4-CE09-44C1-9883-77B4EFBE371F}.Release|Any CPU.ActiveCfg = Release|Any CPU
		{BB34F8C4-CE09-44C1-9883-77B4EFBE371F}.Release|Any CPU.Build.0 = Release|Any CPU
	EndGlobalSection
	GlobalSection(SolutionProperties) = preSolution
		HideSolutionNode = FALSE
	EndGlobalSection
EndGlobal
