
Microsoft Visual Studio Solution File, Format Version 12.00
# Visual Studio 2012
Project("{FAE04EC0-301F-11D3-BF4B-00C04F79EFBC}") = "SharpNav", "SharpNav\SharpNav.csproj", "{0E3C6E73-CCE6-4148-B847-36487FFEA225}"
EndProject
Project("{FAE04EC0-301F-11D3-BF4B-00C04F79EFBC}") = "SharpNavTests", "SharpNavTests\SharpNavTests.csproj", "{BB5D7B89-E81E-4815-A349-3752119495C6}"
EndProject
Project("{FAE04EC0-301F-11D3-BF4B-00C04F79EFBC}") = "Examples", "Examples\Examples.csproj", "{BB34F8C4-CE09-44C1-9883-77B4EFBE371F}"
EndProject
Global
	GlobalSection(SolutionConfigurationPlatforms) = preSolution
		Debug|Any CPU = Debug|Any CPU
		MonoGame|Any CPU = MonoGame|Any CPU
		OpenTK|Any CPU = OpenTK|Any CPU
		SharpDX|Any CPU = SharpDX|Any CPU
		Standalone|Any CPU = Standalone|Any CPU
		XNA|Any CPU = XNA|Any CPU
	EndGlobalSection
	GlobalSection(ProjectConfigurationPlatforms) = postSolution
		{0E3C6E73-CCE6-4148-B847-36487FFEA225}.Debug|Any CPU.ActiveCfg = Debug|Any CPU
		{0E3C6E73-CCE6-4148-B847-36487FFEA225}.Debug|Any CPU.Build.0 = Debug|Any CPU
		{0E3C6E73-CCE6-4148-B847-36487FFEA225}.MonoGame|Any CPU.ActiveCfg = MonoGame|Any CPU
		{0E3C6E73-CCE6-4148-B847-36487FFEA225}.MonoGame|Any CPU.Build.0 = MonoGame|Any CPU
		{0E3C6E73-CCE6-4148-B847-36487FFEA225}.OpenTK|Any CPU.ActiveCfg = OpenTK|Any CPU
		{0E3C6E73-CCE6-4148-B847-36487FFEA225}.OpenTK|Any CPU.Build.0 = OpenTK|Any CPU
		{0E3C6E73-CCE6-4148-B847-36487FFEA225}.SharpDX|Any CPU.ActiveCfg = SharpDX|Any CPU
		{0E3C6E73-CCE6-4148-B847-36487FFEA225}.SharpDX|Any CPU.Build.0 = SharpDX|Any CPU
		{0E3C6E73-CCE6-4148-B847-36487FFEA225}.Standalone|Any CPU.ActiveCfg = Standalone|Any CPU
		{0E3C6E73-CCE6-4148-B847-36487FFEA225}.Standalone|Any CPU.Build.0 = Standalone|Any CPU
		{0E3C6E73-CCE6-4148-B847-36487FFEA225}.XNA|Any CPU.ActiveCfg = XNA|Any CPU
		{0E3C6E73-CCE6-4148-B847-36487FFEA225}.XNA|Any CPU.Build.0 = XNA|Any CPU
		{BB34F8C4-CE09-44C1-9883-77B4EFBE371F}.Debug|Any CPU.ActiveCfg = Debug|Any CPU
		{BB34F8C4-CE09-44C1-9883-77B4EFBE371F}.Debug|Any CPU.Build.0 = Debug|Any CPU
		{BB34F8C4-CE09-44C1-9883-77B4EFBE371F}.MonoGame|Any CPU.ActiveCfg = MonoGame|Any CPU
		{BB34F8C4-CE09-44C1-9883-77B4EFBE371F}.OpenTK|Any CPU.ActiveCfg = OpenTK|Any CPU
		{BB34F8C4-CE09-44C1-9883-77B4EFBE371F}.OpenTK|Any CPU.Build.0 = OpenTK|Any CPU
		{BB34F8C4-CE09-44C1-9883-77B4EFBE371F}.SharpDX|Any CPU.ActiveCfg = SharpDX|Any CPU
		{BB34F8C4-CE09-44C1-9883-77B4EFBE371F}.Standalone|Any CPU.ActiveCfg = Standalone|Any CPU
		{BB34F8C4-CE09-44C1-9883-77B4EFBE371F}.Standalone|Any CPU.Build.0 = Standalone|Any CPU
		{BB34F8C4-CE09-44C1-9883-77B4EFBE371F}.XNA|Any CPU.ActiveCfg = XNA|Any CPU
		{BB5D7B89-E81E-4815-A349-3752119495C6}.Debug|Any CPU.ActiveCfg = Debug|Any CPU
		{BB5D7B89-E81E-4815-A349-3752119495C6}.Debug|Any CPU.Build.0 = Debug|Any CPU
		{BB5D7B89-E81E-4815-A349-3752119495C6}.MonoGame|Any CPU.ActiveCfg = MonoGame|Any CPU
		{BB5D7B89-E81E-4815-A349-3752119495C6}.MonoGame|Any CPU.Build.0 = MonoGame|Any CPU
		{BB5D7B89-E81E-4815-A349-3752119495C6}.OpenTK|Any CPU.ActiveCfg = OpenTK|Any CPU
		{BB5D7B89-E81E-4815-A349-3752119495C6}.OpenTK|Any CPU.Build.0 = OpenTK|Any CPU
		{BB5D7B89-E81E-4815-A349-3752119495C6}.SharpDX|Any CPU.ActiveCfg = SharpDX|Any CPU
		{BB5D7B89-E81E-4815-A349-3752119495C6}.SharpDX|Any CPU.Build.0 = SharpDX|Any CPU
		{BB5D7B89-E81E-4815-A349-3752119495C6}.Standalone|Any CPU.ActiveCfg = Standalone|Any CPU
		{BB5D7B89-E81E-4815-A349-3752119495C6}.Standalone|Any CPU.Build.0 = Standalone|Any CPU
		{BB5D7B89-E81E-4815-A349-3752119495C6}.XNA|Any CPU.ActiveCfg = XNA|Any CPU
		{BB5D7B89-E81E-4815-A349-3752119495C6}.XNA|Any CPU.Build.0 = XNA|Any CPU
	EndGlobalSection
	GlobalSection(MonoDevelopProperties) = preSolution
		StartupItem = Examples\Examples.csproj
	EndGlobalSection
	GlobalSection(SolutionProperties) = preSolution
		HideSolutionNode = FALSE
	EndGlobalSection
EndGlobal
