
Microsoft Visual Studio Solution File, Format Version 12.00
# Visual Studio 14
VisualStudioVersion = 14.0.24720.0
MinimumVisualStudioVersion = 10.0.40219.1
Project("{FAE04EC0-301F-11D3-BF4B-00C04F79EFBC}") = "SharpNav", "SharpNav\SharpNav.csproj", "{0E3C6E73-CCE6-4148-B847-36487FFEA225}"
EndProject
Project("{FAE04EC0-301F-11D3-BF4B-00C04F79EFBC}") = "SharpNav.Tests", "SharpNav.Tests\SharpNav.Tests.csproj", "{BB5D7B89-E81E-4815-A349-3752119495C6}"
EndProject
Project("{FAE04EC0-301F-11D3-BF4B-00C04F79EFBC}") = "SharpNav.Examples", "SharpNav.Examples\SharpNav.Examples.csproj", "{BB34F8C4-CE09-44C1-9883-77B4EFBE371F}"
EndProject
Project("{2150E333-8FDC-42A3-9474-1A3956D46DE8}") = "Core", "Core", "{A5C64F11-C1AA-498F-92B9-BE306DE2ADB9}"
EndProject
Project("{2150E333-8FDC-42A3-9474-1A3956D46DE8}") = "Clients", "Clients", "{5F22FF9F-608C-4D67-841C-3B875E346C75}"
EndProject
Project("{FAE04EC0-301F-11D3-BF4B-00C04F79EFBC}") = "SharpNav.CLI", "SharpNav.CLI\SharpNav.CLI.csproj", "{AEAACF72-6EFE-4D9F-AEEB-8EF091B817CD}"
EndProject
Project("{FAE04EC0-301F-11D3-BF4B-00C04F79EFBC}") = "SharpNav.GUI", "SharpNav.GUI\SharpNav.GUI.csproj", "{7E95190C-3DDC-4A31-95A0-B17486519853}"
EndProject
Global
	GlobalSection(SolutionConfigurationPlatforms) = preSolution
		Debug|Any CPU = Debug|Any CPU
		MonoGame|Any CPU = MonoGame|Any CPU
		OpenTK|Any CPU = OpenTK|Any CPU
		SharpDX|Any CPU = SharpDX|Any CPU
		Standalone|Any CPU = Standalone|Any CPU
	EndGlobalSection
	GlobalSection(ProjectConfigurationPlatforms) = postSolution
		{0E3C6E73-CCE6-4148-B847-36487FFEA225}.Debug|Any CPU.ActiveCfg = Debug|Any CPU
		{0E3C6E73-CCE6-4148-B847-36487FFEA225}.Debug|Any CPU.Build.0 = Debug|Any CPU
		{0E3C6E73-CCE6-4148-B847-36487FFEA225}.MonoGame|Any CPU.ActiveCfg = MonoGame|Any CPU
		{0E3C6E73-CCE6-4148-B847-36487FFEA225}.MonoGame|Any CPU.Build.0 = MonoGame|Any CPU
		{0E3C6E73-CCE6-4148-B847-36487FFEA225}.OpenTK|Any CPU.ActiveCfg = OpenTK|Any CPU
		{0E3C6E73-CCE6-4148-B847-36487FFEA225}.OpenTK|Any CPU.Build.0 = OpenTK|Any CPU
		{0E3C6E73-CCE6-4148-B847-36487FFEA225}.SharpDX|Any CPU.ActiveCfg = SharpDX|Any CPU
		{0E3C6E73-CCE6-4148-B847-36487FFEA225}.SharpDX|Any CPU.Build.0 = SharpDX|Any CPU
		{0E3C6E73-CCE6-4148-B847-36487FFEA225}.Standalone|Any CPU.ActiveCfg = Standalone|Any CPU
		{0E3C6E73-CCE6-4148-B847-36487FFEA225}.Standalone|Any CPU.Build.0 = Standalone|Any CPU
		{BB5D7B89-E81E-4815-A349-3752119495C6}.Debug|Any CPU.ActiveCfg = Debug|Any CPU
		{BB5D7B89-E81E-4815-A349-3752119495C6}.Debug|Any CPU.Build.0 = Debug|Any CPU
		{BB5D7B89-E81E-4815-A349-3752119495C6}.MonoGame|Any CPU.ActiveCfg = MonoGame|Any CPU
		{BB5D7B89-E81E-4815-A349-3752119495C6}.MonoGame|Any CPU.Build.0 = MonoGame|Any CPU
		{BB5D7B89-E81E-4815-A349-3752119495C6}.OpenTK|Any CPU.ActiveCfg = OpenTK|Any CPU
		{BB5D7B89-E81E-4815-A349-3752119495C6}.OpenTK|Any CPU.Build.0 = OpenTK|Any CPU
		{BB5D7B89-E81E-4815-A349-3752119495C6}.SharpDX|Any CPU.ActiveCfg = SharpDX|Any CPU
		{BB5D7B89-E81E-4815-A349-3752119495C6}.SharpDX|Any CPU.Build.0 = SharpDX|Any CPU
		{BB5D7B89-E81E-4815-A349-3752119495C6}.Standalone|Any CPU.ActiveCfg = Standalone|Any CPU
		{BB5D7B89-E81E-4815-A349-3752119495C6}.Standalone|Any CPU.Build.0 = Standalone|Any CPU
		{BB34F8C4-CE09-44C1-9883-77B4EFBE371F}.Debug|Any CPU.ActiveCfg = Debug|Any CPU
		{BB34F8C4-CE09-44C1-9883-77B4EFBE371F}.Debug|Any CPU.Build.0 = Debug|Any CPU
		{BB34F8C4-CE09-44C1-9883-77B4EFBE371F}.MonoGame|Any CPU.ActiveCfg = Standalone|Any CPU
		{BB34F8C4-CE09-44C1-9883-77B4EFBE371F}.OpenTK|Any CPU.ActiveCfg = OpenTK|Any CPU
		{BB34F8C4-CE09-44C1-9883-77B4EFBE371F}.OpenTK|Any CPU.Build.0 = OpenTK|Any CPU
		{BB34F8C4-CE09-44C1-9883-77B4EFBE371F}.SharpDX|Any CPU.ActiveCfg = Standalone|Any CPU
		{BB34F8C4-CE09-44C1-9883-77B4EFBE371F}.Standalone|Any CPU.ActiveCfg = Standalone|Any CPU
		{BB34F8C4-CE09-44C1-9883-77B4EFBE371F}.Standalone|Any CPU.Build.0 = Standalone|Any CPU
		{AEAACF72-6EFE-4D9F-AEEB-8EF091B817CD}.Debug|Any CPU.ActiveCfg = Debug|Any CPU
		{AEAACF72-6EFE-4D9F-AEEB-8EF091B817CD}.Debug|Any CPU.Build.0 = Debug|Any CPU
		{AEAACF72-6EFE-4D9F-AEEB-8EF091B817CD}.MonoGame|Any CPU.ActiveCfg = Standalone|Any CPU
		{AEAACF72-6EFE-4D9F-AEEB-8EF091B817CD}.OpenTK|Any CPU.ActiveCfg = Standalone|Any CPU
		{AEAACF72-6EFE-4D9F-AEEB-8EF091B817CD}.SharpDX|Any CPU.ActiveCfg = Standalone|Any CPU
		{AEAACF72-6EFE-4D9F-AEEB-8EF091B817CD}.Standalone|Any CPU.ActiveCfg = Standalone|Any CPU
		{AEAACF72-6EFE-4D9F-AEEB-8EF091B817CD}.Standalone|Any CPU.Build.0 = Standalone|Any CPU
		{7E95190C-3DDC-4A31-95A0-B17486519853}.Debug|Any CPU.ActiveCfg = Debug|Any CPU
		{7E95190C-3DDC-4A31-95A0-B17486519853}.Debug|Any CPU.Build.0 = Debug|Any CPU
		{7E95190C-3DDC-4A31-95A0-B17486519853}.MonoGame|Any CPU.ActiveCfg = Standalone|Any CPU
		{7E95190C-3DDC-4A31-95A0-B17486519853}.OpenTK|Any CPU.ActiveCfg = Standalone|Any CPU
		{7E95190C-3DDC-4A31-95A0-B17486519853}.SharpDX|Any CPU.ActiveCfg = Standalone|Any CPU
		{7E95190C-3DDC-4A31-95A0-B17486519853}.Standalone|Any CPU.ActiveCfg = Standalone|Any CPU
		{7E95190C-3DDC-4A31-95A0-B17486519853}.Standalone|Any CPU.Build.0 = Standalone|Any CPU
	EndGlobalSection
	GlobalSection(SolutionProperties) = preSolution
		HideSolutionNode = FALSE
	EndGlobalSection
	GlobalSection(NestedProjects) = preSolution
		{0E3C6E73-CCE6-4148-B847-36487FFEA225} = {A5C64F11-C1AA-498F-92B9-BE306DE2ADB9}
		{BB5D7B89-E81E-4815-A349-3752119495C6} = {A5C64F11-C1AA-498F-92B9-BE306DE2ADB9}
		{AEAACF72-6EFE-4D9F-AEEB-8EF091B817CD} = {5F22FF9F-608C-4D67-841C-3B875E346C75}
		{7E95190C-3DDC-4A31-95A0-B17486519853} = {5F22FF9F-608C-4D67-841C-3B875E346C75}
	EndGlobalSection
	GlobalSection(MonoDevelopProperties) = preSolution
		StartupItem = SharpNavEditor\SharpNavEditor.csproj
	EndGlobalSection
EndGlobal
